
Microsoft Visual Studio Solution File, Format Version 12.00
# Visual Studio Version 17
VisualStudioVersion = 17.1.32210.238
MinimumVisualStudioVersion = 10.0.40219.1
Project("{FAE04EC0-301F-11D3-BF4B-00C04F79EFBC}") = "WcfServiceLibrary1", "WcfServiceLibrary1\WcfServiceLibrary1.csproj", "{4294AEBE-03CD-47AD-B189-A647950859EB}"
EndProject
Project("{FAE04EC0-301F-11D3-BF4B-00C04F79EFBC}") = "WindowsFormsApp1", "WindowsFormsApp1\WindowsFormsApp1.csproj", "{0CF2D0F1-700F-40A1-A71A-854B472E4A61}"
	ProjectSection(ProjectDependencies) = postProject
		{4294AEBE-03CD-47AD-B189-A647950859EB} = {4294AEBE-03CD-47AD-B189-A647950859EB}
	EndProjectSection
EndProject
Global
	GlobalSection(SolutionConfigurationPlatforms) = preSolution
		Debug|Any CPU = Debug|Any CPU
		Release|Any CPU = Release|Any CPU
	EndGlobalSection
	GlobalSection(ProjectConfigurationPlatforms) = postSolution
		{4294AEBE-03CD-47AD-B189-A647950859EB}.Debug|Any CPU.ActiveCfg = Debug|Any CPU
		{4294AEBE-03CD-47AD-B189-A647950859EB}.Debug|Any CPU.Build.0 = Debug|Any CPU
		{4294AEBE-03CD-47AD-B189-A647950859EB}.Release|Any CPU.ActiveCfg = Release|Any CPU
		{4294AEBE-03CD-47AD-B189-A647950859EB}.Release|Any CPU.Build.0 = Release|Any CPU
		{0CF2D0F1-700F-40A1-A71A-854B472E4A61}.Debug|Any CPU.ActiveCfg = Debug|Any CPU
		{0CF2D0F1-700F-40A1-A71A-854B472E4A61}.Debug|Any CPU.Build.0 = Debug|Any CPU
		{0CF2D0F1-700F-40A1-A71A-854B472E4A61}.Release|Any CPU.ActiveCfg = Release|Any CPU
		{0CF2D0F1-700F-40A1-A71A-854B472E4A61}.Release|Any CPU.Build.0 = Release|Any CPU
	EndGlobalSection
	GlobalSection(SolutionProperties) = preSolution
		HideSolutionNode = FALSE
	EndGlobalSection
	GlobalSection(ExtensibilityGlobals) = postSolution
		SolutionGuid = {B85BCE00-A1E7-47C6-A176-AEB7BBE1A9D4}
	EndGlobalSection
EndGlobal
