
Microsoft Visual Studio Solution File, Format Version 12.00
# Visual Studio Version 17
VisualStudioVersion = 17.1.32210.238
MinimumVisualStudioVersion = 10.0.40219.1
Project("{FAE04EC0-301F-11D3-BF4B-00C04F79EFBC}") = "agement", "agement\agement.csproj", "{6B9D95AE-B0E8-4534-860B-798ADC9655AD}"
EndProject
Global
	GlobalSection(SolutionConfigurationPlatforms) = preSolution
		Debug|Any CPU = Debug|Any CPU
		Release|Any CPU = Release|Any CPU
	EndGlobalSection
	GlobalSection(ProjectConfigurationPlatforms) = postSolution
		{6B9D95AE-B0E8-4534-860B-798ADC9655AD}.Debug|Any CPU.ActiveCfg = Debug|Any CPU
		{6B9D95AE-B0E8-4534-860B-798ADC9655AD}.Debug|Any CPU.Build.0 = Debug|Any CPU
		{6B9D95AE-B0E8-4534-860B-798ADC9655AD}.Release|Any CPU.ActiveCfg = Release|Any CPU
		{6B9D95AE-B0E8-4534-860B-798ADC9655AD}.Release|Any CPU.Build.0 = Release|Any CPU
	EndGlobalSection
	GlobalSection(SolutionProperties) = preSolution
		HideSolutionNode = FALSE
	EndGlobalSection
	GlobalSection(ExtensibilityGlobals) = postSolution
		SolutionGuid = {2FED0A90-058A-4EB9-BAB9-3611BB219918}
	EndGlobalSection
EndGlobal
