
Microsoft Visual Studio Solution File, Format Version 12.00
# Visual Studio Version 17
VisualStudioVersion = 17.1.32210.238
MinimumVisualStudioVersion = 10.0.40219.1
Project("{FAE04EC0-301F-11D3-BF4B-00C04F79EFBC}") = "agmentbai2", "agmentbai2\agmentbai2.csproj", "{551E8590-0431-4AE1-84D5-8701E01C85C4}"
EndProject
Global
	GlobalSection(SolutionConfigurationPlatforms) = preSolution
		Debug|Any CPU = Debug|Any CPU
		Release|Any CPU = Release|Any CPU
	EndGlobalSection
	GlobalSection(ProjectConfigurationPlatforms) = postSolution
		{551E8590-0431-4AE1-84D5-8701E01C85C4}.Debug|Any CPU.ActiveCfg = Debug|Any CPU
		{551E8590-0431-4AE1-84D5-8701E01C85C4}.Debug|Any CPU.Build.0 = Debug|Any CPU
		{551E8590-0431-4AE1-84D5-8701E01C85C4}.Release|Any CPU.ActiveCfg = Release|Any CPU
		{551E8590-0431-4AE1-84D5-8701E01C85C4}.Release|Any CPU.Build.0 = Release|Any CPU
	EndGlobalSection
	GlobalSection(SolutionProperties) = preSolution
		HideSolutionNode = FALSE
	EndGlobalSection
	GlobalSection(ExtensibilityGlobals) = postSolution
		SolutionGuid = {71437603-4EF1-41FE-A699-FFDF796345BF}
	EndGlobalSection
EndGlobal
