
Microsoft Visual Studio Solution File, Format Version 12.00
# Visual Studio Version 17
VisualStudioVersion = 17.0.32014.148
MinimumVisualStudioVersion = 10.0.40219.1
Project("{FAE04EC0-301F-11D3-BF4B-00C04F79EFBC}") = "aspmvc", "aspmvc\aspmvc.csproj", "{4F979073-D109-4C69-A1A8-6D6D5BAECCB9}"
EndProject
Global
	GlobalSection(SolutionConfigurationPlatforms) = preSolution
		Debug|Any CPU = Debug|Any CPU
		Release|Any CPU = Release|Any CPU
	EndGlobalSection
	GlobalSection(ProjectConfigurationPlatforms) = postSolution
		{4F979073-D109-4C69-A1A8-6D6D5BAECCB9}.Debug|Any CPU.ActiveCfg = Debug|Any CPU
		{4F979073-D109-4C69-A1A8-6D6D5BAECCB9}.Debug|Any CPU.Build.0 = Debug|Any CPU
		{4F979073-D109-4C69-A1A8-6D6D5BAECCB9}.Release|Any CPU.ActiveCfg = Release|Any CPU
		{4F979073-D109-4C69-A1A8-6D6D5BAECCB9}.Release|Any CPU.Build.0 = Release|Any CPU
	EndGlobalSection
	GlobalSection(SolutionProperties) = preSolution
		HideSolutionNode = FALSE
	EndGlobalSection
	GlobalSection(ExtensibilityGlobals) = postSolution
		SolutionGuid = {09943064-AFEA-41B5-85BC-9E5B6874A084}
	EndGlobalSection
EndGlobal
