
Microsoft Visual Studio Solution File, Format Version 12.00
# Visual Studio Version 17
VisualStudioVersion = 17.1.32210.238
MinimumVisualStudioVersion = 10.0.40219.1
Project("{FAE04EC0-301F-11D3-BF4B-00C04F79EFBC}") = "ProjectNhom2ki3", "ProjectNhom2ki3\ProjectNhom2ki3.csproj", "{B69966C0-D5BA-465E-A8AF-2C7B4291DE85}"
EndProject
Global
	GlobalSection(SolutionConfigurationPlatforms) = preSolution
		Debug|Any CPU = Debug|Any CPU
		Release|Any CPU = Release|Any CPU
	EndGlobalSection
	GlobalSection(ProjectConfigurationPlatforms) = postSolution
		{B69966C0-D5BA-465E-A8AF-2C7B4291DE85}.Debug|Any CPU.ActiveCfg = Debug|Any CPU
		{B69966C0-D5BA-465E-A8AF-2C7B4291DE85}.Debug|Any CPU.Build.0 = Debug|Any CPU
		{B69966C0-D5BA-465E-A8AF-2C7B4291DE85}.Release|Any CPU.ActiveCfg = Release|Any CPU
		{B69966C0-D5BA-465E-A8AF-2C7B4291DE85}.Release|Any CPU.Build.0 = Release|Any CPU
	EndGlobalSection
	GlobalSection(SolutionProperties) = preSolution
		HideSolutionNode = FALSE
	EndGlobalSection
	GlobalSection(ExtensibilityGlobals) = postSolution
		SolutionGuid = {90F795B8-0A70-4C0D-824E-6AD3EC791FBF}
	EndGlobalSection
EndGlobal
