
Microsoft Visual Studio Solution File, Format Version 12.00
# Visual Studio Version 17
VisualStudioVersion = 17.1.32210.238
MinimumVisualStudioVersion = 10.0.40219.1
Project("{FAE04EC0-301F-11D3-BF4B-00C04F79EFBC}") = "Nhom2ki3", "Nhom2ki3\Nhom2ki3.csproj", "{60DDF8B5-8583-43E7-AE5D-F34913BDDD17}"
EndProject
Global
	GlobalSection(SolutionConfigurationPlatforms) = preSolution
		Debug|Any CPU = Debug|Any CPU
		Release|Any CPU = Release|Any CPU
	EndGlobalSection
	GlobalSection(ProjectConfigurationPlatforms) = postSolution
		{60DDF8B5-8583-43E7-AE5D-F34913BDDD17}.Debug|Any CPU.ActiveCfg = Debug|Any CPU
		{60DDF8B5-8583-43E7-AE5D-F34913BDDD17}.Debug|Any CPU.Build.0 = Debug|Any CPU
		{60DDF8B5-8583-43E7-AE5D-F34913BDDD17}.Release|Any CPU.ActiveCfg = Release|Any CPU
		{60DDF8B5-8583-43E7-AE5D-F34913BDDD17}.Release|Any CPU.Build.0 = Release|Any CPU
	EndGlobalSection
	GlobalSection(SolutionProperties) = preSolution
		HideSolutionNode = FALSE
	EndGlobalSection
	GlobalSection(ExtensibilityGlobals) = postSolution
		SolutionGuid = {95BB6A14-9F80-4080-9ADA-8B51C2D58BDE}
	EndGlobalSection
EndGlobal
